<Solution>
  <Folder Name="/src/">
    <Project Path="src/GitHubPullRequestMetrics/GitHubPullRequestMetrics.csproj" Id="585f85eb-1955-4ffe-9ffe-0959aa069b89" />
  </Folder>
  <Folder Name="/tests/">
    <Project Path="tests/GitHubPullRequestMetrics.Tests/GitHubPullRequestMetrics.Tests.csproj" Id="9d7b47a8-d1f2-4f9d-a1c8-fd76a148fef5" />
  </Folder>
</Solution>
